// !$*UTF8*$!
{
	archiveVersion = 1;
	classes = {
	};
	objectVersion = 56;
	objects = {

/* Begin PBXBuildFile section */
		98713C9B28DB516D006931B2 /* AppDelegate.swift in Sources */ = {isa = PBXBuildFile; fileRef = 98713C9A28DB516D006931B2 /* AppDelegate.swift */; };
		98713C9D28DB516D006931B2 /* SceneDelegate.swift in Sources */ = {isa = PBXBuildFile; fileRef = 98713C9C28DB516D006931B2 /* SceneDelegate.swift */; };
		98713C9F28DB516D006931B2 /* ViewController.swift in Sources */ = {isa = PBXBuildFile; fileRef = 98713C9E28DB516D006931B2 /* ViewController.swift */; };
		98713CA428DB516F006931B2 /* Assets.xcassets in Resources */ = {isa = PBXBuildFile; fileRef = 98713CA328DB516F006931B2 /* Assets.xcassets */; };
		98713CA728DB516F006931B2 /* LaunchScreen.storyboard in Resources */ = {isa = PBXBuildFile; fileRef = 98713CA528DB516F006931B2 /* LaunchScreen.storyboard */; };
		98713CB228DB516F006931B2 /* Tips_ProjectTests.swift in Sources */ = {isa = PBXBuildFile; fileRef = 98713CB128DB516F006931B2 /* Tips_ProjectTests.swift */; };
		98713CBC28DB516F006931B2 /* Tips_ProjectUITests.swift in Sources */ = {isa = PBXBuildFile; fileRef = 98713CBB28DB516F006931B2 /* Tips_ProjectUITests.swift */; };
		98713CBE28DB516F006931B2 /* Tips_ProjectUITestsLaunchTests.swift in Sources */ = {isa = PBXBuildFile; fileRef = 98713CBD28DB516F006931B2 /* Tips_ProjectUITestsLaunchTests.swift */; };
		98713CCB28DB599E006931B2 /* Constants.swift in Sources */ = {isa = PBXBuildFile; fileRef = 98713CCA28DB599E006931B2 /* Constants.swift */; };
		98713CCD28DBA044006931B2 /* CalculateTip.swift in Sources */ = {isa = PBXBuildFile; fileRef = 98713CCC28DBA044006931B2 /* CalculateTip.swift */; };
/* End PBXBuildFile section */

/* Begin PBXContainerItemProxy section */
		98713CAE28DB516F006931B2 /* PBXContainerItemProxy */ = {
			isa = PBXContainerItemProxy;
			containerPortal = 98713C8F28DB516D006931B2 /* Project object */;
			proxyType = 1;
			remoteGlobalIDString = 98713C9628DB516D006931B2;
			remoteInfo = "Tips-Project";
		};
		98713CB828DB516F006931B2 /* PBXContainerItemProxy */ = {
			isa = PBXContainerItemProxy;
			containerPortal = 98713C8F28DB516D006931B2 /* Project object */;
			proxyType = 1;
			remoteGlobalIDString = 98713C9628DB516D006931B2;
			remoteInfo = "Tips-Project";
		};
/* End PBXContainerItemProxy section */

/* Begin PBXFileReference section */
		98713C9728DB516D006931B2 /* Tips-Project.app */ = {isa = PBXFileReference; explicitFileType = wrapper.application; includeInIndex = 0; path = "Tips-Project.app"; sourceTree = BUILT_PRODUCTS_DIR; };
		98713C9A28DB516D006931B2 /* AppDelegate.swift */ = {isa = PBXFileReference; lastKnownFileType = sourcecode.swift; path = AppDelegate.swift; sourceTree = "<group>"; };
		98713C9C28DB516D006931B2 /* SceneDelegate.swift */ = {isa = PBXFileReference; lastKnownFileType = sourcecode.swift; path = SceneDelegate.swift; sourceTree = "<group>"; };
		98713C9E28DB516D006931B2 /* ViewController.swift */ = {isa = PBXFileReference; lastKnownFileType = sourcecode.swift; path = ViewController.swift; sourceTree = "<group>"; };
		98713CA328DB516F006931B2 /* Assets.xcassets */ = {isa = PBXFileReference; lastKnownFileType = folder.assetcatalog; path = Assets.xcassets; sourceTree = "<group>"; };
		98713CA628DB516F006931B2 /* Base */ = {isa = PBXFileReference; lastKnownFileType = file.storyboard; name = Base; path = Base.lproj/LaunchScreen.storyboard; sourceTree = "<group>"; };
		98713CA828DB516F006931B2 /* Info.plist */ = {isa = PBXFileReference; lastKnownFileType = text.plist.xml; path = Info.plist; sourceTree = "<group>"; };
		98713CAD28DB516F006931B2 /* Tips-ProjectTests.xctest */ = {isa = PBXFileReference; explicitFileType = wrapper.cfbundle; includeInIndex = 0; path = "Tips-ProjectTests.xctest"; sourceTree = BUILT_PRODUCTS_DIR; };
		98713CB128DB516F006931B2 /* Tips_ProjectTests.swift */ = {isa = PBXFileReference; lastKnownFileType = sourcecode.swift; path = Tips_ProjectTests.swift; sourceTree = "<group>"; };
		98713CB728DB516F006931B2 /* Tips-ProjectUITests.xctest */ = {isa = PBXFileReference; explicitFileType = wrapper.cfbundle; includeInIndex = 0; path = "Tips-ProjectUITests.xctest"; sourceTree = BUILT_PRODUCTS_DIR; };
		98713CBB28DB516F006931B2 /* Tips_ProjectUITests.swift */ = {isa = PBXFileReference; lastKnownFileType = sourcecode.swift; path = Tips_ProjectUITests.swift; sourceTree = "<group>"; };
		98713CBD28DB516F006931B2 /* Tips_ProjectUITestsLaunchTests.swift */ = {isa = PBXFileReference; lastKnownFileType = sourcecode.swift; path = Tips_ProjectUITestsLaunchTests.swift; sourceTree = "<group>"; };
		98713CCA28DB599E006931B2 /* Constants.swift */ = {isa = PBXFileReference; lastKnownFileType = sourcecode.swift; path = Constants.swift; sourceTree = "<group>"; };
		98713CCC28DBA044006931B2 /* CalculateTip.swift */ = {isa = PBXFileReference; lastKnownFileType = sourcecode.swift; path = CalculateTip.swift; sourceTree = "<group>"; };
/* End PBXFileReference section */

/* Begin PBXFrameworksBuildPhase section */
		98713C9428DB516D006931B2 /* Frameworks */ = {
			isa = PBXFrameworksBuildPhase;
			buildActionMask = 2147483647;
			files = (
			);
			runOnlyForDeploymentPostprocessing = 0;
		};
		98713CAA28DB516F006931B2 /* Frameworks */ = {
			isa = PBXFrameworksBuildPhase;
			buildActionMask = 2147483647;
			files = (
			);
			runOnlyForDeploymentPostprocessing = 0;
		};
		98713CB428DB516F006931B2 /* Frameworks */ = {
			isa = PBXFrameworksBuildPhase;
			buildActionMask = 2147483647;
			files = (
			);
			runOnlyForDeploymentPostprocessing = 0;
		};
/* End PBXFrameworksBuildPhase section */

/* Begin PBXGroup section */
		98713C8E28DB516D006931B2 = {
			isa = PBXGroup;
			children = (
				98713CCC28DBA044006931B2 /* CalculateTip.swift */,
				98713C9928DB516D006931B2 /* Tips-Project */,
				98713CB028DB516F006931B2 /* Tips-ProjectTests */,
				98713CBA28DB516F006931B2 /* Tips-ProjectUITests */,
				98713C9828DB516D006931B2 /* Products */,
			);
			sourceTree = "<group>";
		};
		98713C9828DB516D006931B2 /* Products */ = {
			isa = PBXGroup;
			children = (
				98713C9728DB516D006931B2 /* Tips-Project.app */,
				98713CAD28DB516F006931B2 /* Tips-ProjectTests.xctest */,
				98713CB728DB516F006931B2 /* Tips-ProjectUITests.xctest */,
			);
			name = Products;
			sourceTree = "<group>";
		};
		98713C9928DB516D006931B2 /* Tips-Project */ = {
			isa = PBXGroup;
			children = (
				98713C9A28DB516D006931B2 /* AppDelegate.swift */,
				98713C9C28DB516D006931B2 /* SceneDelegate.swift */,
				98713C9E28DB516D006931B2 /* ViewController.swift */,
				98713CA328DB516F006931B2 /* Assets.xcassets */,
				98713CA528DB516F006931B2 /* LaunchScreen.storyboard */,
				98713CA828DB516F006931B2 /* Info.plist */,
				98713CCA28DB599E006931B2 /* Constants.swift */,
			);
			path = "Tips-Project";
			sourceTree = "<group>";
		};
		98713CB028DB516F006931B2 /* Tips-ProjectTests */ = {
			isa = PBXGroup;
			children = (
				98713CB128DB516F006931B2 /* Tips_ProjectTests.swift */,
			);
			path = "Tips-ProjectTests";
			sourceTree = "<group>";
		};
		98713CBA28DB516F006931B2 /* Tips-ProjectUITests */ = {
			isa = PBXGroup;
			children = (
				98713CBB28DB516F006931B2 /* Tips_ProjectUITests.swift */,
				98713CBD28DB516F006931B2 /* Tips_ProjectUITestsLaunchTests.swift */,
			);
			path = "Tips-ProjectUITests";
			sourceTree = "<group>";
		};
/* End PBXGroup section */

/* Begin PBXNativeTarget section */
		98713C9628DB516D006931B2 /* Tips-Project */ = {
			isa = PBXNativeTarget;
			buildConfigurationList = 98713CC128DB516F006931B2 /* Build configuration list for PBXNativeTarget "Tips-Project" */;
			buildPhases = (
				98713C9328DB516D006931B2 /* Sources */,
				98713C9428DB516D006931B2 /* Frameworks */,
				98713C9528DB516D006931B2 /* Resources */,
			);
			buildRules = (
			);
			dependencies = (
			);
			name = "Tips-Project";
			productName = "Tips-Project";
			productReference = 98713C9728DB516D006931B2 /* Tips-Project.app */;
			productType = "com.apple.product-type.application";
		};
		98713CAC28DB516F006931B2 /* Tips-ProjectTests */ = {
			isa = PBXNativeTarget;
			buildConfigurationList = 98713CC428DB516F006931B2 /* Build configuration list for PBXNativeTarget "Tips-ProjectTests" */;
			buildPhases = (
				98713CA928DB516F006931B2 /* Sources */,
				98713CAA28DB516F006931B2 /* Frameworks */,
				98713CAB28DB516F006931B2 /* Resources */,
			);
			buildRules = (
			);
			dependencies = (
				98713CAF28DB516F006931B2 /* PBXTargetDependency */,
			);
			name = "Tips-ProjectTests";
			productName = "Tips-ProjectTests";
			productReference = 98713CAD28DB516F006931B2 /* Tips-ProjectTests.xctest */;
			productType = "com.apple.product-type.bundle.unit-test";
		};
		98713CB628DB516F006931B2 /* Tips-ProjectUITests */ = {
			isa = PBXNativeTarget;
			buildConfigurationList = 98713CC728DB516F006931B2 /* Build configuration list for PBXNativeTarget "Tips-ProjectUITests" */;
			buildPhases = (
				98713CB328DB516F006931B2 /* Sources */,
				98713CB428DB516F006931B2 /* Frameworks */,
				98713CB528DB516F006931B2 /* Resources */,
			);
			buildRules = (
			);
			dependencies = (
				98713CB928DB516F006931B2 /* PBXTargetDependency */,
			);
			name = "Tips-ProjectUITests";
			productName = "Tips-ProjectUITests";
			productReference = 98713CB728DB516F006931B2 /* Tips-ProjectUITests.xctest */;
			productType = "com.apple.product-type.bundle.ui-testing";
		};
/* End PBXNativeTarget section */

/* Begin PBXProject section */
		98713C8F28DB516D006931B2 /* Project object */ = {
			isa = PBXProject;
			attributes = {
				BuildIndependentTargetsInParallel = 1;
				LastSwiftUpdateCheck = 1400;
				LastUpgradeCheck = 1400;
				TargetAttributes = {
					98713C9628DB516D006931B2 = {
						CreatedOnToolsVersion = 14.0;
					};
					98713CAC28DB516F006931B2 = {
						CreatedOnToolsVersion = 14.0;
						TestTargetID = 98713C9628DB516D006931B2;
					};
					98713CB628DB516F006931B2 = {
						CreatedOnToolsVersion = 14.0;
						TestTargetID = 98713C9628DB516D006931B2;
					};
				};
			};
			buildConfigurationList = 98713C9228DB516D006931B2 /* Build configuration list for PBXProject "Tips-Project" */;
			compatibilityVersion = "Xcode 14.0";
			developmentRegion = en;
			hasScannedForEncodings = 0;
			knownRegions = (
				en,
				Base,
			);
			mainGroup = 98713C8E28DB516D006931B2;
			productRefGroup = 98713C9828DB516D006931B2 /* Products */;
			projectDirPath = "";
			projectRoot = "";
			targets = (
				98713C9628DB516D006931B2 /* Tips-Project */,
				98713CAC28DB516F006931B2 /* Tips-ProjectTests */,
				98713CB628DB516F006931B2 /* Tips-ProjectUITests */,
			);
		};
/* End PBXProject section */

/* Begin PBXResourcesBuildPhase section */
		98713C9528DB516D006931B2 /* Resources */ = {
			isa = PBXResourcesBuildPhase;
			buildActionMask = 2147483647;
			files = (
				98713CA728DB516F006931B2 /* LaunchScreen.storyboard in Resources */,
				98713CA428DB516F006931B2 /* Assets.xcassets in Resources */,
			);
			runOnlyForDeploymentPostprocessing = 0;
		};
		98713CAB28DB516F006931B2 /* Resources */ = {
			isa = PBXResourcesBuildPhase;
			buildActionMask = 2147483647;
			files = (
			);
			runOnlyForDeploymentPostprocessing = 0;
		};
		98713CB528DB516F006931B2 /* Resources */ = {
			isa = PBXResourcesBuildPhase;
			buildActionMask = 2147483647;
			files = (
			);
			runOnlyForDeploymentPostprocessing = 0;
		};
/* End PBXResourcesBuildPhase section */

/* Begin PBXSourcesBuildPhase section */
		98713C9328DB516D006931B2 /* Sources */ = {
			isa = PBXSourcesBuildPhase;
			buildActionMask = 2147483647;
			files = (
				98713C9F28DB516D006931B2 /* ViewController.swift in Sources */,
				98713C9B28DB516D006931B2 /* AppDelegate.swift in Sources */,
				98713C9D28DB516D006931B2 /* SceneDelegate.swift in Sources */,
				98713CCD28DBA044006931B2 /* CalculateTip.swift in Sources */,
				98713CCB28DB599E006931B2 /* Constants.swift in Sources */,
			);
			runOnlyForDeploymentPostprocessing = 0;
		};
		98713CA928DB516F006931B2 /* Sources */ = {
			isa = PBXSourcesBuildPhase;
			buildActionMask = 2147483647;
			files = (
				98713CB228DB516F006931B2 /* Tips_ProjectTests.swift in Sources */,
			);
			runOnlyForDeploymentPostprocessing = 0;
		};
		98713CB328DB516F006931B2 /* Sources */ = {
			isa = PBXSourcesBuildPhase;
			buildActionMask = 2147483647;
			files = (
				98713CBE28DB516F006931B2 /* Tips_ProjectUITestsLaunchTests.swift in Sources */,
				98713CBC28DB516F006931B2 /* Tips_ProjectUITests.swift in Sources */,
			);
			runOnlyForDeploymentPostprocessing = 0;
		};
/* End PBXSourcesBuildPhase section */

/* Begin PBXTargetDependency section */
		98713CAF28DB516F006931B2 /* PBXTargetDependency */ = {
			isa = PBXTargetDependency;
			target = 98713C9628DB516D006931B2 /* Tips-Project */;
			targetProxy = 98713CAE28DB516F006931B2 /* PBXContainerItemProxy */;
		};
		98713CB928DB516F006931B2 /* PBXTargetDependency */ = {
			isa = PBXTargetDependency;
			target = 98713C9628DB516D006931B2 /* Tips-Project */;
			targetProxy = 98713CB828DB516F006931B2 /* PBXContainerItemProxy */;
		};
/* End PBXTargetDependency section */

/* Begin PBXVariantGroup section */
		98713CA528DB516F006931B2 /* LaunchScreen.storyboard */ = {
			isa = PBXVariantGroup;
			children = (
				98713CA628DB516F006931B2 /* Base */,
			);
			name = LaunchScreen.storyboard;
			sourceTree = "<group>";
		};
/* End PBXVariantGroup section */

/* Begin XCBuildConfiguration section */
		98713CBF28DB516F006931B2 /* Debug */ = {
			isa = XCBuildConfiguration;
			buildSettings = {
				ALWAYS_SEARCH_USER_PATHS = NO;
				CLANG_ANALYZER_NONNULL = YES;
				CLANG_ANALYZER_NUMBER_OBJECT_CONVERSION = YES_AGGRESSIVE;
				CLANG_CXX_LANGUAGE_STANDARD = "gnu++20";
				CLANG_ENABLE_MODULES = YES;
				CLANG_ENABLE_OBJC_ARC = YES;
				CLANG_ENABLE_OBJC_WEAK = YES;
				CLANG_WARN_BLOCK_CAPTURE_AUTORELEASING = YES;
				CLANG_WARN_BOOL_CONVERSION = YES;
				CLANG_WARN_COMMA = YES;
				CLANG_WARN_CONSTANT_CONVERSION = YES;
				CLANG_WARN_DEPRECATED_OBJC_IMPLEMENTATIONS = YES;
				CLANG_WARN_DIRECT_OBJC_ISA_USAGE = YES_ERROR;
				CLANG_WARN_DOCUMENTATION_COMMENTS = YES;
				CLANG_WARN_EMPTY_BODY = YES;
				CLANG_WARN_ENUM_CONVERSION = YES;
				CLANG_WARN_INFINITE_RECURSION = YES;
				CLANG_WARN_INT_CONVERSION = YES;
				CLANG_WARN_NON_LITERAL_NULL_CONVERSION = YES;
				CLANG_WARN_OBJC_IMPLICIT_RETAIN_SELF = YES;
				CLANG_WARN_OBJC_LITERAL_CONVERSION = YES;
				CLANG_WARN_OBJC_ROOT_CLASS = YES_ERROR;
				CLANG_WARN_QUOTED_INCLUDE_IN_FRAMEWORK_HEADER = YES;
				CLANG_WARN_RANGE_LOOP_ANALYSIS = YES;
				CLANG_WARN_STRICT_PROTOTYPES = YES;
				CLANG_WARN_SUSPICIOUS_MOVE = YES;
				CLANG_WARN_UNGUARDED_AVAILABILITY = YES_AGGRESSIVE;
				CLANG_WARN_UNREACHABLE_CODE = YES;
				CLANG_WARN__DUPLICATE_METHOD_MATCH = YES;
				COPY_PHASE_STRIP = NO;
				DEBUG_INFORMATION_FORMAT = dwarf;
				ENABLE_STRICT_OBJC_MSGSEND = YES;
				ENABLE_TESTABILITY = YES;
				GCC_C_LANGUAGE_STANDARD = gnu11;
				GCC_DYNAMIC_NO_PIC = NO;
				GCC_NO_COMMON_BLOCKS = YES;
				GCC_OPTIMIZATION_LEVEL = 0;
				GCC_PREPROCESSOR_DEFINITIONS = (
					"DEBUG=1",
					"$(inherited)",
				);
				GCC_WARN_64_TO_32_BIT_CONVERSION = YES;
				GCC_WARN_ABOUT_RETURN_TYPE = YES_ERROR;
				GCC_WARN_UNDECLARED_SELECTOR = YES;
				GCC_WARN_UNINITIALIZED_AUTOS = YES_AGGRESSIVE;
				GCC_WARN_UNUSED_FUNCTION = YES;
				GCC_WARN_UNUSED_VARIABLE = YES;
				IPHONEOS_DEPLOYMENT_TARGET = 15.2;
				MTL_ENABLE_DEBUG_INFO = INCLUDE_SOURCE;
				MTL_FAST_MATH = YES;
				ONLY_ACTIVE_ARCH = YES;
				SDKROOT = iphoneos;
				SWIFT_ACTIVE_COMPILATION_CONDITIONS = DEBUG;
				SWIFT_OPTIMIZATION_LEVEL = "-Onone";
			};
			name = Debug;
		};
		98713CC028DB516F006931B2 /* Release */ = {
			isa = XCBuildConfiguration;
			buildSettings = {
				ALWAYS_SEARCH_USER_PATHS = NO;
				CLANG_ANALYZER_NONNULL = YES;
				CLANG_ANALYZER_NUMBER_OBJECT_CONVERSION = YES_AGGRESSIVE;
				CLANG_CXX_LANGUAGE_STANDARD = "gnu++20";
				CLANG_ENABLE_MODULES = YES;
				CLANG_ENABLE_OBJC_ARC = YES;
				CLANG_ENABLE_OBJC_WEAK = YES;
				CLANG_WARN_BLOCK_CAPTURE_AUTORELEASING = YES;
				CLANG_WARN_BOOL_CONVERSION = YES;
				CLANG_WARN_COMMA = YES;
				CLANG_WARN_CONSTANT_CONVERSION = YES;
				CLANG_WARN_DEPRECATED_OBJC_IMPLEMENTATIONS = YES;
				CLANG_WARN_DIRECT_OBJC_ISA_USAGE = YES_ERROR;
				CLANG_WARN_DOCUMENTATION_COMMENTS = YES;
				CLANG_WARN_EMPTY_BODY = YES;
				CLANG_WARN_ENUM_CONVERSION = YES;
				CLANG_WARN_INFINITE_RECURSION = YES;
				CLANG_WARN_INT_CONVERSION = YES;
				CLANG_WARN_NON_LITERAL_NULL_CONVERSION = YES;
				CLANG_WARN_OBJC_IMPLICIT_RETAIN_SELF = YES;
				CLANG_WARN_OBJC_LITERAL_CONVERSION = YES;
				CLANG_WARN_OBJC_ROOT_CLASS = YES_ERROR;
				CLANG_WARN_QUOTED_INCLUDE_IN_FRAMEWORK_HEADER = YES;
				CLANG_WARN_RANGE_LOOP_ANALYSIS = YES;
				CLANG_WARN_STRICT_PROTOTYPES = YES;
				CLANG_WARN_SUSPICIOUS_MOVE = YES;
				CLANG_WARN_UNGUARDED_AVAILABILITY = YES_AGGRESSIVE;
				CLANG_WARN_UNREACHABLE_CODE = YES;
				CLANG_WARN__DUPLICATE_METHOD_MATCH = YES;
				COPY_PHASE_STRIP = NO;
				DEBUG_INFORMATION_FORMAT = "dwarf-with-dsym";
				ENABLE_NS_ASSERTIONS = NO;
				ENABLE_STRICT_OBJC_MSGSEND = YES;
				GCC_C_LANGUAGE_STANDARD = gnu11;
				GCC_NO_COMMON_BLOCKS = YES;
				GCC_WARN_64_TO_32_BIT_CONVERSION = YES;
				GCC_WARN_ABOUT_RETURN_TYPE = YES_ERROR;
				GCC_WARN_UNDECLARED_SELECTOR = YES;
				GCC_WARN_UNINITIALIZED_AUTOS = YES_AGGRESSIVE;
				GCC_WARN_UNUSED_FUNCTION = YES;
				GCC_WARN_UNUSED_VARIABLE = YES;
				IPHONEOS_DEPLOYMENT_TARGET = 15.2;
				MTL_ENABLE_DEBUG_INFO = NO;
				MTL_FAST_MATH = YES;
				SDKROOT = iphoneos;
				SWIFT_COMPILATION_MODE = wholemodule;
				SWIFT_OPTIMIZATION_LEVEL = "-O";
				VALIDATE_PRODUCT = YES;
			};
			name = Release;
		};
		98713CC228DB516F006931B2 /* Debug */ = {
			isa = XCBuildConfiguration;
			buildSettings = {
				ASSETCATALOG_COMPILER_APPICON_NAME = AppIcon;
				ASSETCATALOG_COMPILER_GLOBAL_ACCENT_COLOR_NAME = AccentColor;
				CODE_SIGN_STYLE = Automatic;
				CURRENT_PROJECT_VERSION = 1;
				DEVELOPMENT_TEAM = 597F2F2R8L;
				GENERATE_INFOPLIST_FILE = YES;
				INFOPLIST_FILE = "Tips-Project/Info.plist";
				INFOPLIST_KEY_UIApplicationSupportsIndirectInputEvents = YES;
				INFOPLIST_KEY_UILaunchStoryboardName = LaunchScreen.storyboard;
				INFOPLIST_KEY_UISupportedInterfaceOrientations_iPad = "UIInterfaceOrientationPortrait UIInterfaceOrientationPortraitUpsideDown UIInterfaceOrientationLandscapeLeft UIInterfaceOrientationLandscapeRight";
				INFOPLIST_KEY_UISupportedInterfaceOrientations_iPhone = "UIInterfaceOrientationPortrait UIInterfaceOrientationLandscapeLeft UIInterfaceOrientationLandscapeRight";
				IPHONEOS_DEPLOYMENT_TARGET = 15.2;
				LD_RUNPATH_SEARCH_PATHS = (
					"$(inherited)",
					"@executable_path/Frameworks",
				);
				MARKETING_VERSION = 1.0;
				PRODUCT_BUNDLE_IDENTIFIER = "com.sillas.Tips-Project";
				PRODUCT_NAME = "$(TARGET_NAME)";
				SWIFT_EMIT_LOC_STRINGS = YES;
				SWIFT_VERSION = 5.0;
				TARGETED_DEVICE_FAMILY = "1,2";
			};
			name = Debug;
		};
		98713CC328DB516F006931B2 /* Release */ = {
			isa = XCBuildConfiguration;
			buildSettings = {
				ASSETCATALOG_COMPILER_APPICON_NAME = AppIcon;
				ASSETCATALOG_COMPILER_GLOBAL_ACCENT_COLOR_NAME = AccentColor;
				CODE_SIGN_STYLE = Automatic;
				CURRENT_PROJECT_VERSION = 1;
				DEVELOPMENT_TEAM = 597F2F2R8L;
				GENERATE_INFOPLIST_FILE = YES;
				INFOPLIST_FILE = "Tips-Project/Info.plist";
				INFOPLIST_KEY_UIApplicationSupportsIndirectInputEvents = YES;
				INFOPLIST_KEY_UILaunchStoryboardName = LaunchScreen.storyboard;
				INFOPLIST_KEY_UISupportedInterfaceOrientations_iPad = "UIInterfaceOrientationPortrait UIInterfaceOrientationPortraitUpsideDown UIInterfaceOrientationLandscapeLeft UIInterfaceOrientationLandscapeRight";
				INFOPLIST_KEY_UISupportedInterfaceOrientations_iPhone = "UIInterfaceOrientationPortrait UIInterfaceOrientationLandscapeLeft UIInterfaceOrientationLandscapeRight";
				IPHONEOS_DEPLOYMENT_TARGET = 15.2;
				LD_RUNPATH_SEARCH_PATHS = (
					"$(inherited)",
					"@executable_path/Frameworks",
				);
				MARKETING_VERSION = 1.0;
				PRODUCT_BUNDLE_IDENTIFIER = "com.sillas.Tips-Project";
				PRODUCT_NAME = "$(TARGET_NAME)";
				SWIFT_EMIT_LOC_STRINGS = YES;
				SWIFT_VERSION = 5.0;
				TARGETED_DEVICE_FAMILY = "1,2";
			};
			name = Release;
		};
		98713CC528DB516F006931B2 /* Debug */ = {
			isa = XCBuildConfiguration;
			buildSettings = {
				ALWAYS_EMBED_SWIFT_STANDARD_LIBRARIES = YES;
				BUNDLE_LOADER = "$(TEST_HOST)";
				CODE_SIGN_STYLE = Automatic;
				CURRENT_PROJECT_VERSION = 1;
				DEVELOPMENT_TEAM = 597F2F2R8L;
				GENERATE_INFOPLIST_FILE = YES;
				IPHONEOS_DEPLOYMENT_TARGET = 16.0;
				MARKETING_VERSION = 1.0;
				PRODUCT_BUNDLE_IDENTIFIER = "com.sillas.Tips-ProjectTests";
				PRODUCT_NAME = "$(TARGET_NAME)";
				SWIFT_EMIT_LOC_STRINGS = NO;
				SWIFT_VERSION = 5.0;
				TARGETED_DEVICE_FAMILY = "1,2";
				TEST_HOST = "$(BUILT_PRODUCTS_DIR)/Tips-Project.app/$(BUNDLE_EXECUTABLE_FOLDER_PATH)/Tips-Project";
			};
			name = Debug;
		};
		98713CC628DB516F006931B2 /* Release */ = {
			isa = XCBuildConfiguration;
			buildSettings = {
				ALWAYS_EMBED_SWIFT_STANDARD_LIBRARIES = YES;
				BUNDLE_LOADER = "$(TEST_HOST)";
				CODE_SIGN_STYLE = Automatic;
				CURRENT_PROJECT_VERSION = 1;
				DEVELOPMENT_TEAM = 597F2F2R8L;
				GENERATE_INFOPLIST_FILE = YES;
				IPHONEOS_DEPLOYMENT_TARGET = 16.0;
				MARKETING_VERSION = 1.0;
				PRODUCT_BUNDLE_IDENTIFIER = "com.sillas.Tips-ProjectTests";
				PRODUCT_NAME = "$(TARGET_NAME)";
				SWIFT_EMIT_LOC_STRINGS = NO;
				SWIFT_VERSION = 5.0;
				TARGETED_DEVICE_FAMILY = "1,2";
				TEST_HOST = "$(BUILT_PRODUCTS_DIR)/Tips-Project.app/$(BUNDLE_EXECUTABLE_FOLDER_PATH)/Tips-Project";
			};
			name = Release;
		};
		98713CC828DB516F006931B2 /* Debug */ = {
			isa = XCBuildConfiguration;
			buildSettings = {
				ALWAYS_EMBED_SWIFT_STANDARD_LIBRARIES = YES;
				CODE_SIGN_STYLE = Automatic;
				CURRENT_PROJECT_VERSION = 1;
				DEVELOPMENT_TEAM = 597F2F2R8L;
				GENERATE_INFOPLIST_FILE = YES;
				MARKETING_VERSION = 1.0;
				PRODUCT_BUNDLE_IDENTIFIER = "com.sillas.Tips-ProjectUITests";
				PRODUCT_NAME = "$(TARGET_NAME)";
				SWIFT_EMIT_LOC_STRINGS = NO;
				SWIFT_VERSION = 5.0;
				TARGETED_DEVICE_FAMILY = "1,2";
				TEST_TARGET_NAME = "Tips-Project";
			};
			name = Debug;
		};
		98713CC928DB516F006931B2 /* Release */ = {
			isa = XCBuildConfiguration;
			buildSettings = {
				ALWAYS_EMBED_SWIFT_STANDARD_LIBRARIES = YES;
				CODE_SIGN_STYLE = Automatic;
				CURRENT_PROJECT_VERSION = 1;
				DEVELOPMENT_TEAM = 597F2F2R8L;
				GENERATE_INFOPLIST_FILE = YES;
				MARKETING_VERSION = 1.0;
				PRODUCT_BUNDLE_IDENTIFIER = "com.sillas.Tips-ProjectUITests";
				PRODUCT_NAME = "$(TARGET_NAME)";
				SWIFT_EMIT_LOC_STRINGS = NO;
				SWIFT_VERSION = 5.0;
				TARGETED_DEVICE_FAMILY = "1,2";
				TEST_TARGET_NAME = "Tips-Project";
			};
			name = Release;
		};
/* End XCBuildConfiguration section */

/* Begin XCConfigurationList section */
		98713C9228DB516D006931B2 /* Build configuration list for PBXProject "Tips-Project" */ = {
			isa = XCConfigurationList;
			buildConfigurations = (
				98713CBF28DB516F006931B2 /* Debug */,
				98713CC028DB516F006931B2 /* Release */,
			);
			defaultConfigurationIsVisible = 0;
			defaultConfigurationName = Release;
		};
		98713CC128DB516F006931B2 /* Build configuration list for PBXNativeTarget "Tips-Project" */ = {
			isa = XCConfigurationList;
			buildConfigurations = (
				98713CC228DB516F006931B2 /* Debug */,
				98713CC328DB516F006931B2 /* Release */,
			);
			defaultConfigurationIsVisible = 0;
			defaultConfigurationName = Release;
		};
		98713CC428DB516F006931B2 /* Build configuration list for PBXNativeTarget "Tips-ProjectTests" */ = {
			isa = XCConfigurationList;
			buildConfigurations = (
				98713CC528DB516F006931B2 /* Debug */,
				98713CC628DB516F006931B2 /* Release */,
			);
			defaultConfigurationIsVisible = 0;
			defaultConfigurationName = Release;
		};
		98713CC728DB516F006931B2 /* Build configuration list for PBXNativeTarget "Tips-ProjectUITests" */ = {
			isa = XCConfigurationList;
			buildConfigurations = (
				98713CC828DB516F006931B2 /* Debug */,
				98713CC928DB516F006931B2 /* Release */,
			);
			defaultConfigurationIsVisible = 0;
			defaultConfigurationName = Release;
		};
/* End XCConfigurationList section */
	};
	rootObject = 98713C8F28DB516D006931B2 /* Project object */;
}
